
Microsoft Visual Studio Solution File, Format Version 12.00
# Visual Studio Version 17
VisualStudioVersion = 17.8.34511.84
MinimumVisualStudioVersion = 10.0.40219.1
Project("{FAE04EC0-301F-11D3-BF4B-00C04F79EFBC}") = "Examination_system", "Examination_system.csproj", "{40B6E81E-2D9F-40AE-B10B-3AFA1B1D7EF5}"
EndProject
Global
	GlobalSection(SolutionConfigurationPlatforms) = preSolution
		Debug|Any CPU = Debug|Any CPU
		Release|Any CPU = Release|Any CPU
	EndGlobalSection
	GlobalSection(ProjectConfigurationPlatforms) = postSolution
		{40B6E81E-2D9F-40AE-B10B-3AFA1B1D7EF5}.Debug|Any CPU.ActiveCfg = Debug|Any CPU
		{40B6E81E-2D9F-40AE-B10B-3AFA1B1D7EF5}.Debug|Any CPU.Build.0 = Debug|Any CPU
		{40B6E81E-2D9F-40AE-B10B-3AFA1B1D7EF5}.Release|Any CPU.ActiveCfg = Release|Any CPU
		{40B6E81E-2D9F-40AE-B10B-3AFA1B1D7EF5}.Release|Any CPU.Build.0 = Release|Any CPU
	EndGlobalSection
	GlobalSection(SolutionProperties) = preSolution
		HideSolutionNode = FALSE
	EndGlobalSection
	GlobalSection(ExtensibilityGlobals) = postSolution
		SolutionGuid = {DBE3500B-ECA2-41FB-B6D9-8BB62019A41A}
	EndGlobalSection
EndGlobal
